
Microsoft Visual Studio Solution File, Format Version 12.00
# Visual Studio Version 17
VisualStudioVersion = 17.7.34202.233
MinimumVisualStudioVersion = 10.0.40219.1
Project("{FAE04EC0-301F-11D3-BF4B-00C04F79EFBC}") = "Daria_Cerneavschi_Lab2", "Daria_Cerneavschi_Lab2.csproj", "{45377E8F-C65C-4220-BE73-875B1AB83C1D}"
EndProject
Global
	GlobalSection(SolutionConfigurationPlatforms) = preSolution
		Debug|Any CPU = Debug|Any CPU
		Release|Any CPU = Release|Any CPU
	EndGlobalSection
	GlobalSection(ProjectConfigurationPlatforms) = postSolution
		{45377E8F-C65C-4220-BE73-875B1AB83C1D}.Debug|Any CPU.ActiveCfg = Debug|Any CPU
		{45377E8F-C65C-4220-BE73-875B1AB83C1D}.Debug|Any CPU.Build.0 = Debug|Any CPU
		{45377E8F-C65C-4220-BE73-875B1AB83C1D}.Release|Any CPU.ActiveCfg = Release|Any CPU
		{45377E8F-C65C-4220-BE73-875B1AB83C1D}.Release|Any CPU.Build.0 = Release|Any CPU
	EndGlobalSection
	GlobalSection(SolutionProperties) = preSolution
		HideSolutionNode = FALSE
	EndGlobalSection
	GlobalSection(ExtensibilityGlobals) = postSolution
		SolutionGuid = {25C802A0-7297-41C0-A1C5-0E909E2D7E78}
	EndGlobalSection
EndGlobal
